
Microsoft Visual Studio Solution File, Format Version 12.00
# Visual Studio Express 2013 for Windows Desktop
VisualStudioVersion = 12.0.31101.0
MinimumVisualStudioVersion = 10.0.40219.1
Project("{8BC9CEB8-8B4A-11D0-8D11-00A0C91BC942}") = "problem1", "problem1\problem1.vcxproj", "{D8A93B9A-5BF6-4674-B966-E361677C5463}"
EndProject
Project("{8BC9CEB8-8B4A-11D0-8D11-00A0C91BC942}") = "Problem2", "..\Problem2\Problem2.vcxproj", "{A1671CCC-C9B2-4767-BB50-A39CCCD7F867}"
EndProject
Project("{8BC9CEB8-8B4A-11D0-8D11-00A0C91BC942}") = "problem3", "..\..\C++\Assignment3\problem3\problem3.vcxproj", "{FC675A12-8852-4639-A883-8CA579DCBF33}"
EndProject
Global
	GlobalSection(SolutionConfigurationPlatforms) = preSolution
		Debug|Win32 = Debug|Win32
		Release|Win32 = Release|Win32
	EndGlobalSection
	GlobalSection(ProjectConfigurationPlatforms) = postSolution
		{D8A93B9A-5BF6-4674-B966-E361677C5463}.Debug|Win32.ActiveCfg = Debug|Win32
		{D8A93B9A-5BF6-4674-B966-E361677C5463}.Debug|Win32.Build.0 = Debug|Win32
		{D8A93B9A-5BF6-4674-B966-E361677C5463}.Release|Win32.ActiveCfg = Release|Win32
		{D8A93B9A-5BF6-4674-B966-E361677C5463}.Release|Win32.Build.0 = Release|Win32
		{A1671CCC-C9B2-4767-BB50-A39CCCD7F867}.Debug|Win32.ActiveCfg = Debug|Win32
		{A1671CCC-C9B2-4767-BB50-A39CCCD7F867}.Debug|Win32.Build.0 = Debug|Win32
		{A1671CCC-C9B2-4767-BB50-A39CCCD7F867}.Release|Win32.ActiveCfg = Release|Win32
		{A1671CCC-C9B2-4767-BB50-A39CCCD7F867}.Release|Win32.Build.0 = Release|Win32
		{FC675A12-8852-4639-A883-8CA579DCBF33}.Debug|Win32.ActiveCfg = Debug|Win32
		{FC675A12-8852-4639-A883-8CA579DCBF33}.Debug|Win32.Build.0 = Debug|Win32
		{FC675A12-8852-4639-A883-8CA579DCBF33}.Release|Win32.ActiveCfg = Release|Win32
		{FC675A12-8852-4639-A883-8CA579DCBF33}.Release|Win32.Build.0 = Release|Win32
	EndGlobalSection
	GlobalSection(SolutionProperties) = preSolution
		HideSolutionNode = FALSE
	EndGlobalSection
EndGlobal
